// !$*UTF8*$!
{
	archiveVersion = 1;
	classes = {
	};
	objectVersion = 50;
	objects = {

/* Begin PBXBuildFile section */
		E331BFE62588E01200DBDC8D /* graph.cpp in Sources */ = {isa = PBXBuildFile; fileRef = E331BFDA2588D37C00DBDC8D /* graph.cpp */; };
		E3A1FC5B25A2BC8800B36B28 /* graph.cpp in Sources */ = {isa = PBXBuildFile; fileRef = E331BFDA2588D37C00DBDC8D /* graph.cpp */; };
		E3BF3F0B258B4503009027AE /* main.cpp in Sources */ = {isa = PBXBuildFile; fileRef = E3BF3F0A258B4503009027AE /* main.cpp */; };
		E3BF3F11258B45D9009027AE /* graph.cpp in Sources */ = {isa = PBXBuildFile; fileRef = E331BFDA2588D37C00DBDC8D /* graph.cpp */; };
		E3FD1473258CDB9400C6F111 /* main.cpp in Sources */ = {isa = PBXBuildFile; fileRef = E3FD1472258CDB9400C6F111 /* main.cpp */; };
/* End PBXBuildFile section */

/* Begin PBXCopyFilesBuildPhase section */
		E331BFD52588D37C00DBDC8D /* CopyFiles */ = {
			isa = PBXCopyFilesBuildPhase;
			buildActionMask = 2147483647;
			dstPath = /usr/share/man/man1/;
			dstSubfolderSpec = 0;
			files = (
			);
			runOnlyForDeploymentPostprocessing = 1;
		};
		E3BF3F06258B4503009027AE /* CopyFiles */ = {
			isa = PBXCopyFilesBuildPhase;
			buildActionMask = 2147483647;
			dstPath = /usr/share/man/man1/;
			dstSubfolderSpec = 0;
			files = (
			);
			runOnlyForDeploymentPostprocessing = 1;
		};
		E3FD146E258CDB9400C6F111 /* CopyFiles */ = {
			isa = PBXCopyFilesBuildPhase;
			buildActionMask = 2147483647;
			dstPath = /usr/share/man/man1/;
			dstSubfolderSpec = 0;
			files = (
			);
			runOnlyForDeploymentPostprocessing = 1;
		};
/* End PBXCopyFilesBuildPhase section */

/* Begin PBXFileReference section */
		E331BFD72588D37C00DBDC8D /* graph */ = {isa = PBXFileReference; explicitFileType = "compiled.mach-o.executable"; includeInIndex = 0; path = graph; sourceTree = BUILT_PRODUCTS_DIR; };
		E331BFDA2588D37C00DBDC8D /* graph.cpp */ = {isa = PBXFileReference; lastKnownFileType = sourcecode.cpp.cpp; path = graph.cpp; sourceTree = "<group>"; };
		E331BFE32588D3BC00DBDC8D /* graph.h */ = {isa = PBXFileReference; lastKnownFileType = sourcecode.c.h; path = graph.h; sourceTree = "<group>"; };
		E3BF3F08258B4503009027AE /* bfs */ = {isa = PBXFileReference; explicitFileType = "compiled.mach-o.executable"; includeInIndex = 0; path = bfs; sourceTree = BUILT_PRODUCTS_DIR; };
		E3BF3F0A258B4503009027AE /* main.cpp */ = {isa = PBXFileReference; lastKnownFileType = sourcecode.cpp.cpp; path = main.cpp; sourceTree = "<group>"; };
		E3FD1470258CDB9400C6F111 /* dfs */ = {isa = PBXFileReference; explicitFileType = "compiled.mach-o.executable"; includeInIndex = 0; path = dfs; sourceTree = BUILT_PRODUCTS_DIR; };
		E3FD1472258CDB9400C6F111 /* main.cpp */ = {isa = PBXFileReference; lastKnownFileType = sourcecode.cpp.cpp; path = main.cpp; sourceTree = "<group>"; };
/* End PBXFileReference section */

/* Begin PBXFrameworksBuildPhase section */
		E331BFD42588D37C00DBDC8D /* Frameworks */ = {
			isa = PBXFrameworksBuildPhase;
			buildActionMask = 2147483647;
			files = (
			);
			runOnlyForDeploymentPostprocessing = 0;
		};
		E3BF3F05258B4503009027AE /* Frameworks */ = {
			isa = PBXFrameworksBuildPhase;
			buildActionMask = 2147483647;
			files = (
			);
			runOnlyForDeploymentPostprocessing = 0;
		};
		E3FD146D258CDB9400C6F111 /* Frameworks */ = {
			isa = PBXFrameworksBuildPhase;
			buildActionMask = 2147483647;
			files = (
			);
			runOnlyForDeploymentPostprocessing = 0;
		};
/* End PBXFrameworksBuildPhase section */

/* Begin PBXGroup section */
		E331BFCE2588D37C00DBDC8D = {
			isa = PBXGroup;
			children = (
				E331BFD92588D37C00DBDC8D /* graph */,
				E3BF3F09258B4503009027AE /* bfs */,
				E3FD1471258CDB9400C6F111 /* dfs */,
				E331BFD82588D37C00DBDC8D /* Products */,
			);
			sourceTree = "<group>";
		};
		E331BFD82588D37C00DBDC8D /* Products */ = {
			isa = PBXGroup;
			children = (
				E331BFD72588D37C00DBDC8D /* graph */,
				E3BF3F08258B4503009027AE /* bfs */,
				E3FD1470258CDB9400C6F111 /* dfs */,
			);
			name = Products;
			sourceTree = "<group>";
		};
		E331BFD92588D37C00DBDC8D /* graph */ = {
			isa = PBXGroup;
			children = (
				E331BFDA2588D37C00DBDC8D /* graph.cpp */,
				E331BFE32588D3BC00DBDC8D /* graph.h */,
			);
			path = graph;
			sourceTree = "<group>";
		};
		E3BF3F09258B4503009027AE /* bfs */ = {
			isa = PBXGroup;
			children = (
				E3BF3F0A258B4503009027AE /* main.cpp */,
			);
			path = bfs;
			sourceTree = "<group>";
		};
		E3FD1471258CDB9400C6F111 /* dfs */ = {
			isa = PBXGroup;
			children = (
				E3FD1472258CDB9400C6F111 /* main.cpp */,
			);
			path = dfs;
			sourceTree = "<group>";
		};
/* End PBXGroup section */

/* Begin PBXNativeTarget section */
		E331BFD62588D37C00DBDC8D /* graph */ = {
			isa = PBXNativeTarget;
			buildConfigurationList = E331BFDE2588D37C00DBDC8D /* Build configuration list for PBXNativeTarget "graph" */;
			buildPhases = (
				E331BFD32588D37C00DBDC8D /* Sources */,
				E331BFD42588D37C00DBDC8D /* Frameworks */,
				E331BFD52588D37C00DBDC8D /* CopyFiles */,
			);
			buildRules = (
			);
			dependencies = (
			);
			name = graph;
			productName = graph;
			productReference = E331BFD72588D37C00DBDC8D /* graph */;
			productType = "com.apple.product-type.tool";
		};
		E3BF3F07258B4503009027AE /* bfs */ = {
			isa = PBXNativeTarget;
			buildConfigurationList = E3BF3F0E258B4503009027AE /* Build configuration list for PBXNativeTarget "bfs" */;
			buildPhases = (
				E3BF3F04258B4503009027AE /* Sources */,
				E3BF3F05258B4503009027AE /* Frameworks */,
				E3BF3F06258B4503009027AE /* CopyFiles */,
			);
			buildRules = (
			);
			dependencies = (
			);
			name = bfs;
			productName = bfs;
			productReference = E3BF3F08258B4503009027AE /* bfs */;
			productType = "com.apple.product-type.tool";
		};
		E3FD146F258CDB9400C6F111 /* dfs */ = {
			isa = PBXNativeTarget;
			buildConfigurationList = E3FD1476258CDB9400C6F111 /* Build configuration list for PBXNativeTarget "dfs" */;
			buildPhases = (
				E3FD146C258CDB9400C6F111 /* Sources */,
				E3FD146D258CDB9400C6F111 /* Frameworks */,
				E3FD146E258CDB9400C6F111 /* CopyFiles */,
			);
			buildRules = (
			);
			dependencies = (
			);
			name = dfs;
			productName = dfs;
			productReference = E3FD1470258CDB9400C6F111 /* dfs */;
			productType = "com.apple.product-type.tool";
		};
/* End PBXNativeTarget section */

/* Begin PBXProject section */
		E331BFCF2588D37C00DBDC8D /* Project object */ = {
			isa = PBXProject;
			attributes = {
				LastUpgradeCheck = 1230;
				TargetAttributes = {
					E331BFD62588D37C00DBDC8D = {
						CreatedOnToolsVersion = 12.3;
					};
					E3BF3F07258B4503009027AE = {
						CreatedOnToolsVersion = 12.3;
					};
					E3FD146F258CDB9400C6F111 = {
						CreatedOnToolsVersion = 12.3;
					};
				};
			};
			buildConfigurationList = E331BFD22588D37C00DBDC8D /* Build configuration list for PBXProject "graph" */;
			compatibilityVersion = "Xcode 9.3";
			developmentRegion = en;
			hasScannedForEncodings = 0;
			knownRegions = (
				en,
				Base,
			);
			mainGroup = E331BFCE2588D37C00DBDC8D;
			productRefGroup = E331BFD82588D37C00DBDC8D /* Products */;
			projectDirPath = "";
			projectRoot = "";
			targets = (
				E331BFD62588D37C00DBDC8D /* graph */,
				E3BF3F07258B4503009027AE /* bfs */,
				E3FD146F258CDB9400C6F111 /* dfs */,
			);
		};
/* End PBXProject section */

/* Begin PBXSourcesBuildPhase section */
		E331BFD32588D37C00DBDC8D /* Sources */ = {
			isa = PBXSourcesBuildPhase;
			buildActionMask = 2147483647;
			files = (
				E331BFE62588E01200DBDC8D /* graph.cpp in Sources */,
			);
			runOnlyForDeploymentPostprocessing = 0;
		};
		E3BF3F04258B4503009027AE /* Sources */ = {
			isa = PBXSourcesBuildPhase;
			buildActionMask = 2147483647;
			files = (
				E3BF3F11258B45D9009027AE /* graph.cpp in Sources */,
				E3BF3F0B258B4503009027AE /* main.cpp in Sources */,
			);
			runOnlyForDeploymentPostprocessing = 0;
		};
		E3FD146C258CDB9400C6F111 /* Sources */ = {
			isa = PBXSourcesBuildPhase;
			buildActionMask = 2147483647;
			files = (
				E3A1FC5B25A2BC8800B36B28 /* graph.cpp in Sources */,
				E3FD1473258CDB9400C6F111 /* main.cpp in Sources */,
			);
			runOnlyForDeploymentPostprocessing = 0;
		};
/* End PBXSourcesBuildPhase section */

/* Begin XCBuildConfiguration section */
		E331BFDC2588D37C00DBDC8D /* Debug */ = {
			isa = XCBuildConfiguration;
			buildSettings = {
				ALWAYS_SEARCH_USER_PATHS = NO;
				CLANG_ANALYZER_NONNULL = YES;
				CLANG_ANALYZER_NUMBER_OBJECT_CONVERSION = YES_AGGRESSIVE;
				CLANG_CXX_LANGUAGE_STANDARD = "gnu++14";
				CLANG_CXX_LIBRARY = "libc++";
				CLANG_ENABLE_MODULES = YES;
				CLANG_ENABLE_OBJC_ARC = YES;
				CLANG_ENABLE_OBJC_WEAK = YES;
				CLANG_WARN_BLOCK_CAPTURE_AUTORELEASING = YES;
				CLANG_WARN_BOOL_CONVERSION = YES;
				CLANG_WARN_COMMA = YES;
				CLANG_WARN_CONSTANT_CONVERSION = YES;
				CLANG_WARN_DEPRECATED_OBJC_IMPLEMENTATIONS = YES;
				CLANG_WARN_DIRECT_OBJC_ISA_USAGE = YES_ERROR;
				CLANG_WARN_DOCUMENTATION_COMMENTS = YES;
				CLANG_WARN_EMPTY_BODY = YES;
				CLANG_WARN_ENUM_CONVERSION = YES;
				CLANG_WARN_INFINITE_RECURSION = YES;
				CLANG_WARN_INT_CONVERSION = YES;
				CLANG_WARN_NON_LITERAL_NULL_CONVERSION = YES;
				CLANG_WARN_OBJC_IMPLICIT_RETAIN_SELF = YES;
				CLANG_WARN_OBJC_LITERAL_CONVERSION = YES;
				CLANG_WARN_OBJC_ROOT_CLASS = YES_ERROR;
				CLANG_WARN_QUOTED_INCLUDE_IN_FRAMEWORK_HEADER = YES;
				CLANG_WARN_RANGE_LOOP_ANALYSIS = YES;
				CLANG_WARN_STRICT_PROTOTYPES = YES;
				CLANG_WARN_SUSPICIOUS_MOVE = YES;
				CLANG_WARN_UNGUARDED_AVAILABILITY = YES_AGGRESSIVE;
				CLANG_WARN_UNREACHABLE_CODE = YES;
				CLANG_WARN__DUPLICATE_METHOD_MATCH = YES;
				COPY_PHASE_STRIP = NO;
				DEBUG_INFORMATION_FORMAT = dwarf;
				ENABLE_STRICT_OBJC_MSGSEND = YES;
				ENABLE_TESTABILITY = YES;
				GCC_C_LANGUAGE_STANDARD = gnu11;
				GCC_DYNAMIC_NO_PIC = NO;
				GCC_NO_COMMON_BLOCKS = YES;
				GCC_OPTIMIZATION_LEVEL = 0;
				GCC_PREPROCESSOR_DEFINITIONS = (
					"DEBUG=1",
					"$(inherited)",
				);
				GCC_WARN_64_TO_32_BIT_CONVERSION = YES;
				GCC_WARN_ABOUT_RETURN_TYPE = YES_ERROR;
				GCC_WARN_UNDECLARED_SELECTOR = YES;
				GCC_WARN_UNINITIALIZED_AUTOS = YES_AGGRESSIVE;
				GCC_WARN_UNUSED_FUNCTION = YES;
				GCC_WARN_UNUSED_VARIABLE = YES;
				MACOSX_DEPLOYMENT_TARGET = 11.1;
				MTL_ENABLE_DEBUG_INFO = INCLUDE_SOURCE;
				MTL_FAST_MATH = YES;
				ONLY_ACTIVE_ARCH = YES;
				SDKROOT = macosx;
			};
			name = Debug;
		};
		E331BFDD2588D37C00DBDC8D /* Release */ = {
			isa = XCBuildConfiguration;
			buildSettings = {
				ALWAYS_SEARCH_USER_PATHS = NO;
				CLANG_ANALYZER_NONNULL = YES;
				CLANG_ANALYZER_NUMBER_OBJECT_CONVERSION = YES_AGGRESSIVE;
				CLANG_CXX_LANGUAGE_STANDARD = "gnu++14";
				CLANG_CXX_LIBRARY = "libc++";
				CLANG_ENABLE_MODULES = YES;
				CLANG_ENABLE_OBJC_ARC = YES;
				CLANG_ENABLE_OBJC_WEAK = YES;
				CLANG_WARN_BLOCK_CAPTURE_AUTORELEASING = YES;
				CLANG_WARN_BOOL_CONVERSION = YES;
				CLANG_WARN_COMMA = YES;
				CLANG_WARN_CONSTANT_CONVERSION = YES;
				CLANG_WARN_DEPRECATED_OBJC_IMPLEMENTATIONS = YES;
				CLANG_WARN_DIRECT_OBJC_ISA_USAGE = YES_ERROR;
				CLANG_WARN_DOCUMENTATION_COMMENTS = YES;
				CLANG_WARN_EMPTY_BODY = YES;
				CLANG_WARN_ENUM_CONVERSION = YES;
				CLANG_WARN_INFINITE_RECURSION = YES;
				CLANG_WARN_INT_CONVERSION = YES;
				CLANG_WARN_NON_LITERAL_NULL_CONVERSION = YES;
				CLANG_WARN_OBJC_IMPLICIT_RETAIN_SELF = YES;
				CLANG_WARN_OBJC_LITERAL_CONVERSION = YES;
				CLANG_WARN_OBJC_ROOT_CLASS = YES_ERROR;
				CLANG_WARN_QUOTED_INCLUDE_IN_FRAMEWORK_HEADER = YES;
				CLANG_WARN_RANGE_LOOP_ANALYSIS = YES;
				CLANG_WARN_STRICT_PROTOTYPES = YES;
				CLANG_WARN_SUSPICIOUS_MOVE = YES;
				CLANG_WARN_UNGUARDED_AVAILABILITY = YES_AGGRESSIVE;
				CLANG_WARN_UNREACHABLE_CODE = YES;
				CLANG_WARN__DUPLICATE_METHOD_MATCH = YES;
				COPY_PHASE_STRIP = NO;
				DEBUG_INFORMATION_FORMAT = "dwarf-with-dsym";
				ENABLE_NS_ASSERTIONS = NO;
				ENABLE_STRICT_OBJC_MSGSEND = YES;
				GCC_C_LANGUAGE_STANDARD = gnu11;
				GCC_NO_COMMON_BLOCKS = YES;
				GCC_WARN_64_TO_32_BIT_CONVERSION = YES;
				GCC_WARN_ABOUT_RETURN_TYPE = YES_ERROR;
				GCC_WARN_UNDECLARED_SELECTOR = YES;
				GCC_WARN_UNINITIALIZED_AUTOS = YES_AGGRESSIVE;
				GCC_WARN_UNUSED_FUNCTION = YES;
				GCC_WARN_UNUSED_VARIABLE = YES;
				MACOSX_DEPLOYMENT_TARGET = 11.1;
				MTL_ENABLE_DEBUG_INFO = NO;
				MTL_FAST_MATH = YES;
				SDKROOT = macosx;
			};
			name = Release;
		};
		E331BFDF2588D37C00DBDC8D /* Debug */ = {
			isa = XCBuildConfiguration;
			buildSettings = {
				CODE_SIGN_STYLE = Automatic;
				PRODUCT_NAME = "$(TARGET_NAME)";
			};
			name = Debug;
		};
		E331BFE02588D37C00DBDC8D /* Release */ = {
			isa = XCBuildConfiguration;
			buildSettings = {
				CODE_SIGN_STYLE = Automatic;
				PRODUCT_NAME = "$(TARGET_NAME)";
			};
			name = Release;
		};
		E3BF3F0C258B4503009027AE /* Debug */ = {
			isa = XCBuildConfiguration;
			buildSettings = {
				CODE_SIGN_STYLE = Automatic;
				PRODUCT_NAME = "$(TARGET_NAME)";
			};
			name = Debug;
		};
		E3BF3F0D258B4503009027AE /* Release */ = {
			isa = XCBuildConfiguration;
			buildSettings = {
				CODE_SIGN_STYLE = Automatic;
				PRODUCT_NAME = "$(TARGET_NAME)";
			};
			name = Release;
		};
		E3FD1474258CDB9400C6F111 /* Debug */ = {
			isa = XCBuildConfiguration;
			buildSettings = {
				CODE_SIGN_STYLE = Automatic;
				PRODUCT_NAME = "$(TARGET_NAME)";
			};
			name = Debug;
		};
		E3FD1475258CDB9400C6F111 /* Release */ = {
			isa = XCBuildConfiguration;
			buildSettings = {
				CODE_SIGN_STYLE = Automatic;
				PRODUCT_NAME = "$(TARGET_NAME)";
			};
			name = Release;
		};
/* End XCBuildConfiguration section */

/* Begin XCConfigurationList section */
		E331BFD22588D37C00DBDC8D /* Build configuration list for PBXProject "graph" */ = {
			isa = XCConfigurationList;
			buildConfigurations = (
				E331BFDC2588D37C00DBDC8D /* Debug */,
				E331BFDD2588D37C00DBDC8D /* Release */,
			);
			defaultConfigurationIsVisible = 0;
			defaultConfigurationName = Release;
		};
		E331BFDE2588D37C00DBDC8D /* Build configuration list for PBXNativeTarget "graph" */ = {
			isa = XCConfigurationList;
			buildConfigurations = (
				E331BFDF2588D37C00DBDC8D /* Debug */,
				E331BFE02588D37C00DBDC8D /* Release */,
			);
			defaultConfigurationIsVisible = 0;
			defaultConfigurationName = Release;
		};
		E3BF3F0E258B4503009027AE /* Build configuration list for PBXNativeTarget "bfs" */ = {
			isa = XCConfigurationList;
			buildConfigurations = (
				E3BF3F0C258B4503009027AE /* Debug */,
				E3BF3F0D258B4503009027AE /* Release */,
			);
			defaultConfigurationIsVisible = 0;
			defaultConfigurationName = Release;
		};
		E3FD1476258CDB9400C6F111 /* Build configuration list for PBXNativeTarget "dfs" */ = {
			isa = XCConfigurationList;
			buildConfigurations = (
				E3FD1474258CDB9400C6F111 /* Debug */,
				E3FD1475258CDB9400C6F111 /* Release */,
			);
			defaultConfigurationIsVisible = 0;
			defaultConfigurationName = Release;
		};
/* End XCConfigurationList section */
	};
	rootObject = E331BFCF2588D37C00DBDC8D /* Project object */;
}
